// !$*UTF8*$!
{
	archiveVersion = 1;
	classes = {
	};
	objectVersion = 46;
	objects = {

/* Begin PBXBuildFile section */
		F90976C31BBCDF140018B92E /* KKCitiesResultController.m in Sources */ = {isa = PBXBuildFile; fileRef = F90976C21BBCDF140018B92E /* KKCitiesResultController.m */; };
		F90976C61BBEB9110018B92E /* Foundation+Log.m in Sources */ = {isa = PBXBuildFile; fileRef = F90976C51BBEB9110018B92E /* Foundation+Log.m */; };
		F92FE9191BB1336C00F28E60 /* KKBusiness.m in Sources */ = {isa = PBXBuildFile; fileRef = F92FE90B1BB1336C00F28E60 /* KKBusiness.m */; };
		F92FE91A1BB1336C00F28E60 /* KKDeal.m in Sources */ = {isa = PBXBuildFile; fileRef = F92FE90D1BB1336C00F28E60 /* KKDeal.m */; };
		F92FE91B1BB1336C00F28E60 /* KKFindDealParam.m in Sources */ = {isa = PBXBuildFile; fileRef = F92FE9101BB1336C00F28E60 /* KKFindDealParam.m */; };
		F92FE91C1BB1336C00F28E60 /* KKFindDealResult.m in Sources */ = {isa = PBXBuildFile; fileRef = F92FE9121BB1336C00F28E60 /* KKFindDealResult.m */; };
		F92FE9231BB133B800F28E60 /* KKGetSingleDealResult.m in Sources */ = {isa = PBXBuildFile; fileRef = F92FE91F1BB133B800F28E60 /* KKGetSingleDealResult.m */; };
		F92FE9241BB133B800F28E60 /* KKGetSingleDealParam.m in Sources */ = {isa = PBXBuildFile; fileRef = F92FE9221BB133B800F28E60 /* KKGetSingleDealParam.m */; };
		F92FE9271BB133EB00F28E60 /* KKCategory.m in Sources */ = {isa = PBXBuildFile; fileRef = F92FE9261BB133EB00F28E60 /* KKCategory.m */; };
		F92FE92A1BB133F600F28E60 /* KKSort.m in Sources */ = {isa = PBXBuildFile; fileRef = F92FE9291BB133F600F28E60 /* KKSort.m */; };
		F92FE92D1BB1340100F28E60 /* KKCity.m in Sources */ = {isa = PBXBuildFile; fileRef = F92FE92C1BB1340100F28E60 /* KKCity.m */; };
		F92FE9301BB1340E00F28E60 /* KKRegion.m in Sources */ = {isa = PBXBuildFile; fileRef = F92FE92F1BB1340E00F28E60 /* KKRegion.m */; };
		F92FE9331BB1341E00F28E60 /* KKCityGroup.m in Sources */ = {isa = PBXBuildFile; fileRef = F92FE9321BB1341E00F28E60 /* KKCityGroup.m */; };
		F92FE9391BB1343500F28E60 /* categories.plist in Resources */ = {isa = PBXBuildFile; fileRef = F92FE9351BB1343500F28E60 /* categories.plist */; };
		F92FE93A1BB1343500F28E60 /* cities.plist in Resources */ = {isa = PBXBuildFile; fileRef = F92FE9361BB1343500F28E60 /* cities.plist */; };
		F92FE93B1BB1343500F28E60 /* cityGroups.plist in Resources */ = {isa = PBXBuildFile; fileRef = F92FE9371BB1343500F28E60 /* cityGroups.plist */; };
		F92FE93C1BB1343500F28E60 /* sorts.plist in Resources */ = {isa = PBXBuildFile; fileRef = F92FE9381BB1343500F28E60 /* sorts.plist */; };
		F92FE93F1BB14EA700F28E60 /* KKMetaDataTool.m in Sources */ = {isa = PBXBuildFile; fileRef = F92FE93E1BB14EA700F28E60 /* KKMetaDataTool.m */; };
		F92FE9411BB154BD00F28E60 /* KKMetaDataTest.m in Sources */ = {isa = PBXBuildFile; fileRef = F92FE9401BB154BD00F28E60 /* KKMetaDataTest.m */; };
		F93D7C691BB95CA4001663E0 /* KKCategoriesVC.m in Sources */ = {isa = PBXBuildFile; fileRef = F93D7C681BB95CA4001663E0 /* KKCategoriesVC.m */; };
		F93D7C6C1BB95CB2001663E0 /* KKSortVC.m in Sources */ = {isa = PBXBuildFile; fileRef = F93D7C6B1BB95CB2001663E0 /* KKSortVC.m */; };
		F93D7C6F1BB95CBF001663E0 /* KKRegionVC.m in Sources */ = {isa = PBXBuildFile; fileRef = F93D7C6E1BB95CBF001663E0 /* KKRegionVC.m */; };
		F93D7C711BB9603D001663E0 /* KKSortVC.xib in Resources */ = {isa = PBXBuildFile; fileRef = F93D7C701BB9603D001663E0 /* KKSortVC.xib */; };
		F93D7C741BB96E93001663E0 /* UIButton+Extension.m in Sources */ = {isa = PBXBuildFile; fileRef = F93D7C731BB96E93001663E0 /* UIButton+Extension.m */; };
		F95EDFF91BABADDF00A2BF5B /* AwesomeMenu.m in Sources */ = {isa = PBXBuildFile; fileRef = F95EDFF61BABADDF00A2BF5B /* AwesomeMenu.m */; };
		F95EDFFA1BABADDF00A2BF5B /* AwesomeMenuItem.m in Sources */ = {isa = PBXBuildFile; fileRef = F95EDFF81BABADDF00A2BF5B /* AwesomeMenuItem.m */; };
		F95EDFFF1BABB0FE00A2BF5B /* UIView+AutoLayout.m in Sources */ = {isa = PBXBuildFile; fileRef = F95EDFFC1BABB0FE00A2BF5B /* UIView+AutoLayout.m */; };
		F95EE0001BABB0FE00A2BF5B /* UIView+Extension.m in Sources */ = {isa = PBXBuildFile; fileRef = F95EDFFE1BABB0FE00A2BF5B /* UIView+Extension.m */; };
		F98721A21BBBB732005BFE34 /* KKCitiesController.m in Sources */ = {isa = PBXBuildFile; fileRef = F98721A01BBBB732005BFE34 /* KKCitiesController.m */; };
		F98721A31BBBB732005BFE34 /* KKCitiesController.xib in Resources */ = {isa = PBXBuildFile; fileRef = F98721A11BBBB732005BFE34 /* KKCitiesController.xib */; };
		F989CDE11BBA7786006589F7 /* KKDropDownMenu.m in Sources */ = {isa = PBXBuildFile; fileRef = F989CDE01BBA7786006589F7 /* KKDropDownMenu.m */; };
		F989CDE31BBA7798006589F7 /* KKDropDownMenu.xib in Resources */ = {isa = PBXBuildFile; fileRef = F989CDE21BBA7798006589F7 /* KKDropDownMenu.xib */; };
		F989CDE51BBA817D006589F7 /* KKRegionVC.xib in Resources */ = {isa = PBXBuildFile; fileRef = F989CDE41BBA817D006589F7 /* KKRegionVC.xib */; };
		F989CDE81BBABEEE006589F7 /* KKDropDownMainCell.m in Sources */ = {isa = PBXBuildFile; fileRef = F989CDE71BBABEEE006589F7 /* KKDropDownMainCell.m */; };
		F989CDEB1BBABF02006589F7 /* KKDropDownSubCell.m in Sources */ = {isa = PBXBuildFile; fileRef = F989CDEA1BBABF02006589F7 /* KKDropDownSubCell.m */; };
		F98FBAE51BABA590001D501B /* KKDealsViewController.m in Sources */ = {isa = PBXBuildFile; fileRef = F98FBAE41BABA590001D501B /* KKDealsViewController.m */; };
		F98FBAE91BABA5ED001D501B /* KKNavigationController.m in Sources */ = {isa = PBXBuildFile; fileRef = F98FBAE81BABA5ED001D501B /* KKNavigationController.m */; };
		F9AC97411BB7D4AF0061BC08 /* UIBarButtonItem+Extension.m in Sources */ = {isa = PBXBuildFile; fileRef = F9AC97401BB7D4AF0061BC08 /* UIBarButtonItem+Extension.m */; };
		F9AC97461BB8046E0061BC08 /* KKDealsTopMenu.m in Sources */ = {isa = PBXBuildFile; fileRef = F9AC97451BB8046E0061BC08 /* KKDealsTopMenu.m */; };
		F9AC97481BB804820061BC08 /* KKDealsTopMenu.xib in Resources */ = {isa = PBXBuildFile; fileRef = F9AC97471BB804820061BC08 /* KKDealsTopMenu.xib */; };
		F9B11ADF1BA909BB00ECF92C /* main.m in Sources */ = {isa = PBXBuildFile; fileRef = F9B11ADE1BA909BB00ECF92C /* main.m */; };
		F9B11AE21BA909BB00ECF92C /* AppDelegate.m in Sources */ = {isa = PBXBuildFile; fileRef = F9B11AE11BA909BB00ECF92C /* AppDelegate.m */; };
		F9B11AE81BA909BB00ECF92C /* Main.storyboard in Resources */ = {isa = PBXBuildFile; fileRef = F9B11AE61BA909BB00ECF92C /* Main.storyboard */; };
		F9B11AEA1BA909BB00ECF92C /* Images.xcassets in Resources */ = {isa = PBXBuildFile; fileRef = F9B11AE91BA909BB00ECF92C /* Images.xcassets */; };
		F9B11AED1BA909BB00ECF92C /* LaunchScreen.xib in Resources */ = {isa = PBXBuildFile; fileRef = F9B11AEB1BA909BB00ECF92C /* LaunchScreen.xib */; };
		F9B11AF91BA909BB00ECF92C /* ___Tests.m in Sources */ = {isa = PBXBuildFile; fileRef = F9B11AF81BA909BB00ECF92C /* ___Tests.m */; };
		F9B11B501BA90C1000ECF92C /* DPAPI.m in Sources */ = {isa = PBXBuildFile; fileRef = F9B11B4C1BA90C1000ECF92C /* DPAPI.m */; };
		F9B11B511BA90C1000ECF92C /* DPRequest.m in Sources */ = {isa = PBXBuildFile; fileRef = F9B11B4F1BA90C1000ECF92C /* DPRequest.m */; };
		F9B11B551BA9185B00ECF92C /* KKAPITool.m in Sources */ = {isa = PBXBuildFile; fileRef = F9B11B541BA9185B00ECF92C /* KKAPITool.m */; };
		F9B11B701BA9594300ECF92C /* MJDictionaryCache.m in Sources */ = {isa = PBXBuildFile; fileRef = F9B11B5A1BA9594300ECF92C /* MJDictionaryCache.m */; };
		F9B11B711BA9594300ECF92C /* MJExtensionConst.m in Sources */ = {isa = PBXBuildFile; fileRef = F9B11B5D1BA9594300ECF92C /* MJExtensionConst.m */; };
		F9B11B721BA9594300ECF92C /* MJFoundation.m in Sources */ = {isa = PBXBuildFile; fileRef = F9B11B5F1BA9594300ECF92C /* MJFoundation.m */; };
		F9B11B731BA9594300ECF92C /* MJProperty.m in Sources */ = {isa = PBXBuildFile; fileRef = F9B11B611BA9594300ECF92C /* MJProperty.m */; };
		F9B11B741BA9594300ECF92C /* MJPropertyKey.m in Sources */ = {isa = PBXBuildFile; fileRef = F9B11B631BA9594300ECF92C /* MJPropertyKey.m */; };
		F9B11B751BA9594300ECF92C /* MJPropertyType.m in Sources */ = {isa = PBXBuildFile; fileRef = F9B11B651BA9594300ECF92C /* MJPropertyType.m */; };
		F9B11B761BA9594300ECF92C /* NSObject+MJClass.m in Sources */ = {isa = PBXBuildFile; fileRef = F9B11B671BA9594300ECF92C /* NSObject+MJClass.m */; };
		F9B11B771BA9594300ECF92C /* NSObject+MJCoding.m in Sources */ = {isa = PBXBuildFile; fileRef = F9B11B691BA9594300ECF92C /* NSObject+MJCoding.m */; };
		F9B11B781BA9594300ECF92C /* NSObject+MJKeyValue.m in Sources */ = {isa = PBXBuildFile; fileRef = F9B11B6B1BA9594300ECF92C /* NSObject+MJKeyValue.m */; };
		F9B11B791BA9594300ECF92C /* NSObject+MJProperty.m in Sources */ = {isa = PBXBuildFile; fileRef = F9B11B6D1BA9594300ECF92C /* NSObject+MJProperty.m */; };
		F9B11B7A1BA9594300ECF92C /* NSString+MJExtension.m in Sources */ = {isa = PBXBuildFile; fileRef = F9B11B6F1BA9594300ECF92C /* NSString+MJExtension.m */; };
		F9B11B8F1BA95AEB00ECF92C /* KKDealTool.m in Sources */ = {isa = PBXBuildFile; fileRef = F9B11B8E1BA95AEB00ECF92C /* KKDealTool.m */; };
/* End PBXBuildFile section */

/* Begin PBXContainerItemProxy section */
		F9B11AF31BA909BB00ECF92C /* PBXContainerItemProxy */ = {
			isa = PBXContainerItemProxy;
			containerPortal = F9B11AD11BA909BB00ECF92C /* Project object */;
			proxyType = 1;
			remoteGlobalIDString = F9B11AD81BA909BB00ECF92C;
			remoteInfo = "小团购";
		};
/* End PBXContainerItemProxy section */

/* Begin PBXFileReference section */
		F90976C11BBCDF140018B92E /* KKCitiesResultController.h */ = {isa = PBXFileReference; fileEncoding = 4; lastKnownFileType = sourcecode.c.h; path = KKCitiesResultController.h; sourceTree = "<group>"; };
		F90976C21BBCDF140018B92E /* KKCitiesResultController.m */ = {isa = PBXFileReference; fileEncoding = 4; lastKnownFileType = sourcecode.c.objc; path = KKCitiesResultController.m; sourceTree = "<group>"; };
		F90976C41BBD11DE0018B92E /* KKDealsConst.h */ = {isa = PBXFileReference; lastKnownFileType = sourcecode.c.h; path = KKDealsConst.h; sourceTree = "<group>"; };
		F90976C51BBEB9110018B92E /* Foundation+Log.m */ = {isa = PBXFileReference; fileEncoding = 4; lastKnownFileType = sourcecode.c.objc; path = "Foundation+Log.m"; sourceTree = "<group>"; };
		F92FE90A1BB1336C00F28E60 /* KKBusiness.h */ = {isa = PBXFileReference; fileEncoding = 4; lastKnownFileType = sourcecode.c.h; path = KKBusiness.h; sourceTree = "<group>"; };
		F92FE90B1BB1336C00F28E60 /* KKBusiness.m */ = {isa = PBXFileReference; fileEncoding = 4; lastKnownFileType = sourcecode.c.objc; path = KKBusiness.m; sourceTree = "<group>"; };
		F92FE90C1BB1336C00F28E60 /* KKDeal.h */ = {isa = PBXFileReference; fileEncoding = 4; lastKnownFileType = sourcecode.c.h; path = KKDeal.h; sourceTree = "<group>"; };
		F92FE90D1BB1336C00F28E60 /* KKDeal.m */ = {isa = PBXFileReference; fileEncoding = 4; lastKnownFileType = sourcecode.c.objc; path = KKDeal.m; sourceTree = "<group>"; };
		F92FE90F1BB1336C00F28E60 /* KKFindDealParam.h */ = {isa = PBXFileReference; fileEncoding = 4; lastKnownFileType = sourcecode.c.h; path = KKFindDealParam.h; sourceTree = "<group>"; };
		F92FE9101BB1336C00F28E60 /* KKFindDealParam.m */ = {isa = PBXFileReference; fileEncoding = 4; lastKnownFileType = sourcecode.c.objc; path = KKFindDealParam.m; sourceTree = "<group>"; };
		F92FE9111BB1336C00F28E60 /* KKFindDealResult.h */ = {isa = PBXFileReference; fileEncoding = 4; lastKnownFileType = sourcecode.c.h; path = KKFindDealResult.h; sourceTree = "<group>"; };
		F92FE9121BB1336C00F28E60 /* KKFindDealResult.m */ = {isa = PBXFileReference; fileEncoding = 4; lastKnownFileType = sourcecode.c.objc; path = KKFindDealResult.m; sourceTree = "<group>"; };
		F92FE91F1BB133B800F28E60 /* KKGetSingleDealResult.m */ = {isa = PBXFileReference; fileEncoding = 4; lastKnownFileType = sourcecode.c.objc; path = KKGetSingleDealResult.m; sourceTree = "<group>"; };
		F92FE9201BB133B800F28E60 /* KKGetSingleDealParam.h */ = {isa = PBXFileReference; fileEncoding = 4; lastKnownFileType = sourcecode.c.h; path = KKGetSingleDealParam.h; sourceTree = "<group>"; };
		F92FE9211BB133B800F28E60 /* KKGetSingleDealResult.h */ = {isa = PBXFileReference; fileEncoding = 4; lastKnownFileType = sourcecode.c.h; path = KKGetSingleDealResult.h; sourceTree = "<group>"; };
		F92FE9221BB133B800F28E60 /* KKGetSingleDealParam.m */ = {isa = PBXFileReference; fileEncoding = 4; lastKnownFileType = sourcecode.c.objc; path = KKGetSingleDealParam.m; sourceTree = "<group>"; };
		F92FE9251BB133EB00F28E60 /* KKCategory.h */ = {isa = PBXFileReference; fileEncoding = 4; lastKnownFileType = sourcecode.c.h; path = KKCategory.h; sourceTree = "<group>"; };
		F92FE9261BB133EB00F28E60 /* KKCategory.m */ = {isa = PBXFileReference; fileEncoding = 4; lastKnownFileType = sourcecode.c.objc; path = KKCategory.m; sourceTree = "<group>"; };
		F92FE9281BB133F600F28E60 /* KKSort.h */ = {isa = PBXFileReference; fileEncoding = 4; lastKnownFileType = sourcecode.c.h; path = KKSort.h; sourceTree = "<group>"; };
		F92FE9291BB133F600F28E60 /* KKSort.m */ = {isa = PBXFileReference; fileEncoding = 4; lastKnownFileType = sourcecode.c.objc; path = KKSort.m; sourceTree = "<group>"; };
		F92FE92B1BB1340100F28E60 /* KKCity.h */ = {isa = PBXFileReference; fileEncoding = 4; lastKnownFileType = sourcecode.c.h; path = KKCity.h; sourceTree = "<group>"; };
		F92FE92C1BB1340100F28E60 /* KKCity.m */ = {isa = PBXFileReference; fileEncoding = 4; lastKnownFileType = sourcecode.c.objc; path = KKCity.m; sourceTree = "<group>"; };
		F92FE92E1BB1340E00F28E60 /* KKRegion.h */ = {isa = PBXFileReference; fileEncoding = 4; lastKnownFileType = sourcecode.c.h; path = KKRegion.h; sourceTree = "<group>"; };
		F92FE92F1BB1340E00F28E60 /* KKRegion.m */ = {isa = PBXFileReference; fileEncoding = 4; lastKnownFileType = sourcecode.c.objc; path = KKRegion.m; sourceTree = "<group>"; };
		F92FE9311BB1341E00F28E60 /* KKCityGroup.h */ = {isa = PBXFileReference; fileEncoding = 4; lastKnownFileType = sourcecode.c.h; path = KKCityGroup.h; sourceTree = "<group>"; };
		F92FE9321BB1341E00F28E60 /* KKCityGroup.m */ = {isa = PBXFileReference; fileEncoding = 4; lastKnownFileType = sourcecode.c.objc; path = KKCityGroup.m; sourceTree = "<group>"; };
		F92FE9351BB1343500F28E60 /* categories.plist */ = {isa = PBXFileReference; fileEncoding = 4; lastKnownFileType = text.plist.xml; path = categories.plist; sourceTree = "<group>"; };
		F92FE9361BB1343500F28E60 /* cities.plist */ = {isa = PBXFileReference; fileEncoding = 4; lastKnownFileType = text.plist.xml; path = cities.plist; sourceTree = "<group>"; };
		F92FE9371BB1343500F28E60 /* cityGroups.plist */ = {isa = PBXFileReference; fileEncoding = 4; lastKnownFileType = text.plist.xml; path = cityGroups.plist; sourceTree = "<group>"; };
		F92FE9381BB1343500F28E60 /* sorts.plist */ = {isa = PBXFileReference; fileEncoding = 4; lastKnownFileType = text.plist.xml; path = sorts.plist; sourceTree = "<group>"; };
		F92FE93D1BB14EA700F28E60 /* KKMetaDataTool.h */ = {isa = PBXFileReference; fileEncoding = 4; lastKnownFileType = sourcecode.c.h; path = KKMetaDataTool.h; sourceTree = "<group>"; };
		F92FE93E1BB14EA700F28E60 /* KKMetaDataTool.m */ = {isa = PBXFileReference; fileEncoding = 4; lastKnownFileType = sourcecode.c.objc; path = KKMetaDataTool.m; sourceTree = "<group>"; };
		F92FE9401BB154BD00F28E60 /* KKMetaDataTest.m */ = {isa = PBXFileReference; fileEncoding = 4; lastKnownFileType = sourcecode.c.objc; path = KKMetaDataTest.m; sourceTree = "<group>"; };
		F93D7C671BB95CA4001663E0 /* KKCategoriesVC.h */ = {isa = PBXFileReference; fileEncoding = 4; lastKnownFileType = sourcecode.c.h; name = KKCategoriesVC.h; path = ../View/KKCategoriesVC.h; sourceTree = "<group>"; };
		F93D7C681BB95CA4001663E0 /* KKCategoriesVC.m */ = {isa = PBXFileReference; fileEncoding = 4; lastKnownFileType = sourcecode.c.objc; name = KKCategoriesVC.m; path = ../View/KKCategoriesVC.m; sourceTree = "<group>"; };
		F93D7C6A1BB95CB2001663E0 /* KKSortVC.h */ = {isa = PBXFileReference; fileEncoding = 4; lastKnownFileType = sourcecode.c.h; name = KKSortVC.h; path = ../View/KKSortVC.h; sourceTree = "<group>"; };
		F93D7C6B1BB95CB2001663E0 /* KKSortVC.m */ = {isa = PBXFileReference; fileEncoding = 4; lastKnownFileType = sourcecode.c.objc; name = KKSortVC.m; path = ../View/KKSortVC.m; sourceTree = "<group>"; };
		F93D7C6D1BB95CBF001663E0 /* KKRegionVC.h */ = {isa = PBXFileReference; fileEncoding = 4; lastKnownFileType = sourcecode.c.h; name = KKRegionVC.h; path = ../View/KKRegionVC.h; sourceTree = "<group>"; };
		F93D7C6E1BB95CBF001663E0 /* KKRegionVC.m */ = {isa = PBXFileReference; fileEncoding = 4; lastKnownFileType = sourcecode.c.objc; name = KKRegionVC.m; path = ../View/KKRegionVC.m; sourceTree = "<group>"; };
		F93D7C701BB9603D001663E0 /* KKSortVC.xib */ = {isa = PBXFileReference; fileEncoding = 4; lastKnownFileType = file.xib; path = KKSortVC.xib; sourceTree = "<group>"; };
		F93D7C721BB96E93001663E0 /* UIButton+Extension.h */ = {isa = PBXFileReference; fileEncoding = 4; lastKnownFileType = sourcecode.c.h; path = "UIButton+Extension.h"; sourceTree = "<group>"; };
		F93D7C731BB96E93001663E0 /* UIButton+Extension.m */ = {isa = PBXFileReference; fileEncoding = 4; lastKnownFileType = sourcecode.c.objc; path = "UIButton+Extension.m"; sourceTree = "<group>"; };
		F95EDFF51BABADDF00A2BF5B /* AwesomeMenu.h */ = {isa = PBXFileReference; fileEncoding = 4; lastKnownFileType = sourcecode.c.h; path = AwesomeMenu.h; sourceTree = "<group>"; };
		F95EDFF61BABADDF00A2BF5B /* AwesomeMenu.m */ = {isa = PBXFileReference; fileEncoding = 4; lastKnownFileType = sourcecode.c.objc; path = AwesomeMenu.m; sourceTree = "<group>"; };
		F95EDFF71BABADDF00A2BF5B /* AwesomeMenuItem.h */ = {isa = PBXFileReference; fileEncoding = 4; lastKnownFileType = sourcecode.c.h; path = AwesomeMenuItem.h; sourceTree = "<group>"; };
		F95EDFF81BABADDF00A2BF5B /* AwesomeMenuItem.m */ = {isa = PBXFileReference; fileEncoding = 4; lastKnownFileType = sourcecode.c.objc; path = AwesomeMenuItem.m; sourceTree = "<group>"; };
		F95EDFFB1BABB0FE00A2BF5B /* UIView+AutoLayout.h */ = {isa = PBXFileReference; fileEncoding = 4; lastKnownFileType = sourcecode.c.h; path = "UIView+AutoLayout.h"; sourceTree = "<group>"; };
		F95EDFFC1BABB0FE00A2BF5B /* UIView+AutoLayout.m */ = {isa = PBXFileReference; fileEncoding = 4; lastKnownFileType = sourcecode.c.objc; path = "UIView+AutoLayout.m"; sourceTree = "<group>"; };
		F95EDFFD1BABB0FE00A2BF5B /* UIView+Extension.h */ = {isa = PBXFileReference; fileEncoding = 4; lastKnownFileType = sourcecode.c.h; path = "UIView+Extension.h"; sourceTree = "<group>"; };
		F95EDFFE1BABB0FE00A2BF5B /* UIView+Extension.m */ = {isa = PBXFileReference; fileEncoding = 4; lastKnownFileType = sourcecode.c.objc; path = "UIView+Extension.m"; sourceTree = "<group>"; };
		F987219F1BBBB732005BFE34 /* KKCitiesController.h */ = {isa = PBXFileReference; fileEncoding = 4; lastKnownFileType = sourcecode.c.h; path = KKCitiesController.h; sourceTree = "<group>"; };
		F98721A01BBBB732005BFE34 /* KKCitiesController.m */ = {isa = PBXFileReference; fileEncoding = 4; lastKnownFileType = sourcecode.c.objc; path = KKCitiesController.m; sourceTree = "<group>"; };
		F98721A11BBBB732005BFE34 /* KKCitiesController.xib */ = {isa = PBXFileReference; fileEncoding = 4; lastKnownFileType = file.xib; path = KKCitiesController.xib; sourceTree = "<group>"; };
		F98721A41BBBBCD9005BFE34 /* zh-Hans */ = {isa = PBXFileReference; lastKnownFileType = text.plist.strings; name = "zh-Hans"; path = "zh-Hans.lproj/Main.strings"; sourceTree = "<group>"; };
		F98721A51BBBBCD9005BFE34 /* zh-Hans */ = {isa = PBXFileReference; lastKnownFileType = text.plist.strings; name = "zh-Hans"; path = "zh-Hans.lproj/LaunchScreen.strings"; sourceTree = "<group>"; };
		F989CDDF1BBA7786006589F7 /* KKDropDownMenu.h */ = {isa = PBXFileReference; fileEncoding = 4; lastKnownFileType = sourcecode.c.h; path = KKDropDownMenu.h; sourceTree = "<group>"; };
		F989CDE01BBA7786006589F7 /* KKDropDownMenu.m */ = {isa = PBXFileReference; fileEncoding = 4; lastKnownFileType = sourcecode.c.objc; path = KKDropDownMenu.m; sourceTree = "<group>"; };
		F989CDE21BBA7798006589F7 /* KKDropDownMenu.xib */ = {isa = PBXFileReference; fileEncoding = 4; lastKnownFileType = file.xib; path = KKDropDownMenu.xib; sourceTree = "<group>"; };
		F989CDE41BBA817D006589F7 /* KKRegionVC.xib */ = {isa = PBXFileReference; fileEncoding = 4; lastKnownFileType = file.xib; path = KKRegionVC.xib; sourceTree = "<group>"; };
		F989CDE61BBABEEE006589F7 /* KKDropDownMainCell.h */ = {isa = PBXFileReference; fileEncoding = 4; lastKnownFileType = sourcecode.c.h; path = KKDropDownMainCell.h; sourceTree = "<group>"; };
		F989CDE71BBABEEE006589F7 /* KKDropDownMainCell.m */ = {isa = PBXFileReference; fileEncoding = 4; lastKnownFileType = sourcecode.c.objc; path = KKDropDownMainCell.m; sourceTree = "<group>"; };
		F989CDE91BBABF02006589F7 /* KKDropDownSubCell.h */ = {isa = PBXFileReference; fileEncoding = 4; lastKnownFileType = sourcecode.c.h; path = KKDropDownSubCell.h; sourceTree = "<group>"; };
		F989CDEA1BBABF02006589F7 /* KKDropDownSubCell.m */ = {isa = PBXFileReference; fileEncoding = 4; lastKnownFileType = sourcecode.c.objc; path = KKDropDownSubCell.m; sourceTree = "<group>"; };
		F98FBAE31BABA590001D501B /* KKDealsViewController.h */ = {isa = PBXFileReference; fileEncoding = 4; lastKnownFileType = sourcecode.c.h; path = KKDealsViewController.h; sourceTree = "<group>"; };
		F98FBAE41BABA590001D501B /* KKDealsViewController.m */ = {isa = PBXFileReference; fileEncoding = 4; lastKnownFileType = sourcecode.c.objc; path = KKDealsViewController.m; sourceTree = "<group>"; };
		F98FBAE71BABA5ED001D501B /* KKNavigationController.h */ = {isa = PBXFileReference; fileEncoding = 4; lastKnownFileType = sourcecode.c.h; path = KKNavigationController.h; sourceTree = "<group>"; };
		F98FBAE81BABA5ED001D501B /* KKNavigationController.m */ = {isa = PBXFileReference; fileEncoding = 4; lastKnownFileType = sourcecode.c.objc; path = KKNavigationController.m; sourceTree = "<group>"; };
		F9AC973F1BB7D4AF0061BC08 /* UIBarButtonItem+Extension.h */ = {isa = PBXFileReference; fileEncoding = 4; lastKnownFileType = sourcecode.c.h; path = "UIBarButtonItem+Extension.h"; sourceTree = "<group>"; };
		F9AC97401BB7D4AF0061BC08 /* UIBarButtonItem+Extension.m */ = {isa = PBXFileReference; fileEncoding = 4; lastKnownFileType = sourcecode.c.objc; path = "UIBarButtonItem+Extension.m"; sourceTree = "<group>"; };
		F9AC97441BB8046E0061BC08 /* KKDealsTopMenu.h */ = {isa = PBXFileReference; fileEncoding = 4; lastKnownFileType = sourcecode.c.h; path = KKDealsTopMenu.h; sourceTree = "<group>"; };
		F9AC97451BB8046E0061BC08 /* KKDealsTopMenu.m */ = {isa = PBXFileReference; fileEncoding = 4; lastKnownFileType = sourcecode.c.objc; path = KKDealsTopMenu.m; sourceTree = "<group>"; };
		F9AC97471BB804820061BC08 /* KKDealsTopMenu.xib */ = {isa = PBXFileReference; fileEncoding = 4; lastKnownFileType = file.xib; path = KKDealsTopMenu.xib; sourceTree = "<group>"; };
		F9B11AD91BA909BB00ECF92C /* 小团购.app */ = {isa = PBXFileReference; explicitFileType = wrapper.application; includeInIndex = 0; path = "小团购.app"; sourceTree = BUILT_PRODUCTS_DIR; };
		F9B11ADD1BA909BB00ECF92C /* Info.plist */ = {isa = PBXFileReference; lastKnownFileType = text.plist.xml; path = Info.plist; sourceTree = "<group>"; };
		F9B11ADE1BA909BB00ECF92C /* main.m */ = {isa = PBXFileReference; lastKnownFileType = sourcecode.c.objc; path = main.m; sourceTree = "<group>"; };
		F9B11AE01BA909BB00ECF92C /* AppDelegate.h */ = {isa = PBXFileReference; lastKnownFileType = sourcecode.c.h; name = AppDelegate.h; path = ../../AppDelegate.h; sourceTree = "<group>"; };
		F9B11AE11BA909BB00ECF92C /* AppDelegate.m */ = {isa = PBXFileReference; lastKnownFileType = sourcecode.c.objc; name = AppDelegate.m; path = ../../AppDelegate.m; sourceTree = "<group>"; };
		F9B11AE71BA909BB00ECF92C /* Base */ = {isa = PBXFileReference; lastKnownFileType = file.storyboard; name = Base; path = Base.lproj/Main.storyboard; sourceTree = "<group>"; };
		F9B11AE91BA909BB00ECF92C /* Images.xcassets */ = {isa = PBXFileReference; lastKnownFileType = folder.assetcatalog; path = Images.xcassets; sourceTree = "<group>"; };
		F9B11AEC1BA909BB00ECF92C /* Base */ = {isa = PBXFileReference; lastKnownFileType = file.xib; name = Base; path = Base.lproj/LaunchScreen.xib; sourceTree = "<group>"; };
		F9B11AF21BA909BB00ECF92C /* 小团购Tests.xctest */ = {isa = PBXFileReference; explicitFileType = wrapper.cfbundle; includeInIndex = 0; path = "小团购Tests.xctest"; sourceTree = BUILT_PRODUCTS_DIR; };
		F9B11AF71BA909BB00ECF92C /* Info.plist */ = {isa = PBXFileReference; lastKnownFileType = text.plist.xml; path = Info.plist; sourceTree = "<group>"; };
		F9B11AF81BA909BB00ECF92C /* ___Tests.m */ = {isa = PBXFileReference; lastKnownFileType = sourcecode.c.objc; path = "___Tests.m"; sourceTree = "<group>"; };
		F9B11B4B1BA90C1000ECF92C /* DPAPI.h */ = {isa = PBXFileReference; fileEncoding = 4; lastKnownFileType = sourcecode.c.h; path = DPAPI.h; sourceTree = "<group>"; };
		F9B11B4C1BA90C1000ECF92C /* DPAPI.m */ = {isa = PBXFileReference; fileEncoding = 4; lastKnownFileType = sourcecode.c.objc; path = DPAPI.m; sourceTree = "<group>"; };
		F9B11B4D1BA90C1000ECF92C /* DPConstants.h */ = {isa = PBXFileReference; fileEncoding = 4; lastKnownFileType = sourcecode.c.h; path = DPConstants.h; sourceTree = "<group>"; };
		F9B11B4E1BA90C1000ECF92C /* DPRequest.h */ = {isa = PBXFileReference; fileEncoding = 4; lastKnownFileType = sourcecode.c.h; path = DPRequest.h; sourceTree = "<group>"; };
		F9B11B4F1BA90C1000ECF92C /* DPRequest.m */ = {isa = PBXFileReference; fileEncoding = 4; lastKnownFileType = sourcecode.c.objc; path = DPRequest.m; sourceTree = "<group>"; };
		F9B11B531BA9185B00ECF92C /* KKAPITool.h */ = {isa = PBXFileReference; fileEncoding = 4; lastKnownFileType = sourcecode.c.h; path = KKAPITool.h; sourceTree = "<group>"; };
		F9B11B541BA9185B00ECF92C /* KKAPITool.m */ = {isa = PBXFileReference; fileEncoding = 4; lastKnownFileType = sourcecode.c.objc; path = KKAPITool.m; sourceTree = "<group>"; };
		F9B11B561BA941E100ECF92C /* KKSingleton.h */ = {isa = PBXFileReference; fileEncoding = 4; lastKnownFileType = sourcecode.c.h; path = KKSingleton.h; sourceTree = "<group>"; };
		F9B11B591BA9594300ECF92C /* MJDictionaryCache.h */ = {isa = PBXFileReference; fileEncoding = 4; lastKnownFileType = sourcecode.c.h; path = MJDictionaryCache.h; sourceTree = "<group>"; };
		F9B11B5A1BA9594300ECF92C /* MJDictionaryCache.m */ = {isa = PBXFileReference; fileEncoding = 4; lastKnownFileType = sourcecode.c.objc; path = MJDictionaryCache.m; sourceTree = "<group>"; };
		F9B11B5B1BA9594300ECF92C /* MJExtension.h */ = {isa = PBXFileReference; fileEncoding = 4; lastKnownFileType = sourcecode.c.h; path = MJExtension.h; sourceTree = "<group>"; };
		F9B11B5C1BA9594300ECF92C /* MJExtensionConst.h */ = {isa = PBXFileReference; fileEncoding = 4; lastKnownFileType = sourcecode.c.h; path = MJExtensionConst.h; sourceTree = "<group>"; };
		F9B11B5D1BA9594300ECF92C /* MJExtensionConst.m */ = {isa = PBXFileReference; fileEncoding = 4; lastKnownFileType = sourcecode.c.objc; path = MJExtensionConst.m; sourceTree = "<group>"; };
		F9B11B5E1BA9594300ECF92C /* MJFoundation.h */ = {isa = PBXFileReference; fileEncoding = 4; lastKnownFileType = sourcecode.c.h; path = MJFoundation.h; sourceTree = "<group>"; };
		F9B11B5F1BA9594300ECF92C /* MJFoundation.m */ = {isa = PBXFileReference; fileEncoding = 4; lastKnownFileType = sourcecode.c.objc; path = MJFoundation.m; sourceTree = "<group>"; };
		F9B11B601BA9594300ECF92C /* MJProperty.h */ = {isa = PBXFileReference; fileEncoding = 4; lastKnownFileType = sourcecode.c.h; path = MJProperty.h; sourceTree = "<group>"; };
		F9B11B611BA9594300ECF92C /* MJProperty.m */ = {isa = PBXFileReference; fileEncoding = 4; lastKnownFileType = sourcecode.c.objc; path = MJProperty.m; sourceTree = "<group>"; };
		F9B11B621BA9594300ECF92C /* MJPropertyKey.h */ = {isa = PBXFileReference; fileEncoding = 4; lastKnownFileType = sourcecode.c.h; path = MJPropertyKey.h; sourceTree = "<group>"; };
		F9B11B631BA9594300ECF92C /* MJPropertyKey.m */ = {isa = PBXFileReference; fileEncoding = 4; lastKnownFileType = sourcecode.c.objc; path = MJPropertyKey.m; sourceTree = "<group>"; };
		F9B11B641BA9594300ECF92C /* MJPropertyType.h */ = {isa = PBXFileReference; fileEncoding = 4; lastKnownFileType = sourcecode.c.h; path = MJPropertyType.h; sourceTree = "<group>"; };
		F9B11B651BA9594300ECF92C /* MJPropertyType.m */ = {isa = PBXFileReference; fileEncoding = 4; lastKnownFileType = sourcecode.c.objc; path = MJPropertyType.m; sourceTree = "<group>"; };
		F9B11B661BA9594300ECF92C /* NSObject+MJClass.h */ = {isa = PBXFileReference; fileEncoding = 4; lastKnownFileType = sourcecode.c.h; path = "NSObject+MJClass.h"; sourceTree = "<group>"; };
		F9B11B671BA9594300ECF92C /* NSObject+MJClass.m */ = {isa = PBXFileReference; fileEncoding = 4; lastKnownFileType = sourcecode.c.objc; path = "NSObject+MJClass.m"; sourceTree = "<group>"; };
		F9B11B681BA9594300ECF92C /* NSObject+MJCoding.h */ = {isa = PBXFileReference; fileEncoding = 4; lastKnownFileType = sourcecode.c.h; path = "NSObject+MJCoding.h"; sourceTree = "<group>"; };
		F9B11B691BA9594300ECF92C /* NSObject+MJCoding.m */ = {isa = PBXFileReference; fileEncoding = 4; lastKnownFileType = sourcecode.c.objc; path = "NSObject+MJCoding.m"; sourceTree = "<group>"; };
		F9B11B6A1BA9594300ECF92C /* NSObject+MJKeyValue.h */ = {isa = PBXFileReference; fileEncoding = 4; lastKnownFileType = sourcecode.c.h; path = "NSObject+MJKeyValue.h"; sourceTree = "<group>"; };
		F9B11B6B1BA9594300ECF92C /* NSObject+MJKeyValue.m */ = {isa = PBXFileReference; fileEncoding = 4; lastKnownFileType = sourcecode.c.objc; path = "NSObject+MJKeyValue.m"; sourceTree = "<group>"; };
		F9B11B6C1BA9594300ECF92C /* NSObject+MJProperty.h */ = {isa = PBXFileReference; fileEncoding = 4; lastKnownFileType = sourcecode.c.h; path = "NSObject+MJProperty.h"; sourceTree = "<group>"; };
		F9B11B6D1BA9594300ECF92C /* NSObject+MJProperty.m */ = {isa = PBXFileReference; fileEncoding = 4; lastKnownFileType = sourcecode.c.objc; path = "NSObject+MJProperty.m"; sourceTree = "<group>"; };
		F9B11B6E1BA9594300ECF92C /* NSString+MJExtension.h */ = {isa = PBXFileReference; fileEncoding = 4; lastKnownFileType = sourcecode.c.h; path = "NSString+MJExtension.h"; sourceTree = "<group>"; };
		F9B11B6F1BA9594300ECF92C /* NSString+MJExtension.m */ = {isa = PBXFileReference; fileEncoding = 4; lastKnownFileType = sourcecode.c.objc; path = "NSString+MJExtension.m"; sourceTree = "<group>"; };
		F9B11B8D1BA95AEB00ECF92C /* KKDealTool.h */ = {isa = PBXFileReference; fileEncoding = 4; lastKnownFileType = sourcecode.c.h; path = KKDealTool.h; sourceTree = "<group>"; };
		F9B11B8E1BA95AEB00ECF92C /* KKDealTool.m */ = {isa = PBXFileReference; fileEncoding = 4; lastKnownFileType = sourcecode.c.objc; path = KKDealTool.m; sourceTree = "<group>"; };
/* End PBXFileReference section */

/* Begin PBXFrameworksBuildPhase section */
		F9B11AD61BA909BB00ECF92C /* Frameworks */ = {
			isa = PBXFrameworksBuildPhase;
			buildActionMask = 2147483647;
			files = (
			);
			runOnlyForDeploymentPostprocessing = 0;
		};
		F9B11AEF1BA909BB00ECF92C /* Frameworks */ = {
			isa = PBXFrameworksBuildPhase;
			buildActionMask = 2147483647;
			files = (
			);
			runOnlyForDeploymentPostprocessing = 0;
		};
/* End PBXFrameworksBuildPhase section */

/* Begin PBXGroup section */
		F92FE9091BB1336C00F28E60 /* Deal */ = {
			isa = PBXGroup;
			children = (
				F92FE90A1BB1336C00F28E60 /* KKBusiness.h */,
				F92FE90B1BB1336C00F28E60 /* KKBusiness.m */,
				F92FE90C1BB1336C00F28E60 /* KKDeal.h */,
				F92FE90D1BB1336C00F28E60 /* KKDeal.m */,
			);
			path = Deal;
			sourceTree = "<group>";
		};
		F92FE90E1BB1336C00F28E60 /* FindDeal */ = {
			isa = PBXGroup;
			children = (
				F92FE90F1BB1336C00F28E60 /* KKFindDealParam.h */,
				F92FE9101BB1336C00F28E60 /* KKFindDealParam.m */,
				F92FE9111BB1336C00F28E60 /* KKFindDealResult.h */,
				F92FE9121BB1336C00F28E60 /* KKFindDealResult.m */,
			);
			path = FindDeal;
			sourceTree = "<group>";
		};
		F92FE9171BB1336C00F28E60 /* GetSingleDeal */ = {
			isa = PBXGroup;
			children = (
				F92FE91F1BB133B800F28E60 /* KKGetSingleDealResult.m */,
				F92FE9201BB133B800F28E60 /* KKGetSingleDealParam.h */,
				F92FE9211BB133B800F28E60 /* KKGetSingleDealResult.h */,
				F92FE9221BB133B800F28E60 /* KKGetSingleDealParam.m */,
			);
			path = GetSingleDeal;
			sourceTree = "<group>";
		};
		F92FE9181BB1336C00F28E60 /* MetaData */ = {
			isa = PBXGroup;
			children = (
				F92FE9251BB133EB00F28E60 /* KKCategory.h */,
				F92FE9261BB133EB00F28E60 /* KKCategory.m */,
				F92FE9281BB133F600F28E60 /* KKSort.h */,
				F92FE9291BB133F600F28E60 /* KKSort.m */,
				F92FE92B1BB1340100F28E60 /* KKCity.h */,
				F92FE92C1BB1340100F28E60 /* KKCity.m */,
				F92FE92E1BB1340E00F28E60 /* KKRegion.h */,
				F92FE92F1BB1340E00F28E60 /* KKRegion.m */,
				F92FE9311BB1341E00F28E60 /* KKCityGroup.h */,
				F92FE9321BB1341E00F28E60 /* KKCityGroup.m */,
			);
			path = MetaData;
			sourceTree = "<group>";
		};
		F92FE9341BB1343500F28E60 /* JSON */ = {
			isa = PBXGroup;
			children = (
				F92FE9351BB1343500F28E60 /* categories.plist */,
				F92FE9361BB1343500F28E60 /* cities.plist */,
				F92FE9371BB1343500F28E60 /* cityGroups.plist */,
				F92FE9381BB1343500F28E60 /* sorts.plist */,
			);
			path = JSON;
			sourceTree = "<group>";
		};
		F95EDFF41BABADDF00A2BF5B /* AwesomeMenu */ = {
			isa = PBXGroup;
			children = (
				F95EDFF51BABADDF00A2BF5B /* AwesomeMenu.h */,
				F95EDFF61BABADDF00A2BF5B /* AwesomeMenu.m */,
				F95EDFF71BABADDF00A2BF5B /* AwesomeMenuItem.h */,
				F95EDFF81BABADDF00A2BF5B /* AwesomeMenuItem.m */,
			);
			path = AwesomeMenu;
			sourceTree = "<group>";
		};
		F98FBAE11BABA590001D501B /* Deals */ = {
			isa = PBXGroup;
			children = (
				F9AC97431BB8041A0061BC08 /* View */,
				F98FBAE21BABA590001D501B /* Controller */,
			);
			path = Deals;
			sourceTree = "<group>";
		};
		F98FBAE21BABA590001D501B /* Controller */ = {
			isa = PBXGroup;
			children = (
				F93D7C671BB95CA4001663E0 /* KKCategoriesVC.h */,
				F93D7C681BB95CA4001663E0 /* KKCategoriesVC.m */,
				F93D7C6A1BB95CB2001663E0 /* KKSortVC.h */,
				F93D7C6B1BB95CB2001663E0 /* KKSortVC.m */,
				F93D7C701BB9603D001663E0 /* KKSortVC.xib */,
				F93D7C6D1BB95CBF001663E0 /* KKRegionVC.h */,
				F93D7C6E1BB95CBF001663E0 /* KKRegionVC.m */,
				F989CDE41BBA817D006589F7 /* KKRegionVC.xib */,
				F98FBAE31BABA590001D501B /* KKDealsViewController.h */,
				F98FBAE41BABA590001D501B /* KKDealsViewController.m */,
				F987219F1BBBB732005BFE34 /* KKCitiesController.h */,
				F98721A01BBBB732005BFE34 /* KKCitiesController.m */,
				F98721A11BBBB732005BFE34 /* KKCitiesController.xib */,
				F90976C11BBCDF140018B92E /* KKCitiesResultController.h */,
				F90976C21BBCDF140018B92E /* KKCitiesResultController.m */,
			);
			path = Controller;
			sourceTree = "<group>";
		};
		F98FBAE61BABA5A0001D501B /* Controller */ = {
			isa = PBXGroup;
			children = (
				F98FBAE71BABA5ED001D501B /* KKNavigationController.h */,
				F98FBAE81BABA5ED001D501B /* KKNavigationController.m */,
			);
			path = Controller;
			sourceTree = "<group>";
		};
		F9AC97431BB8041A0061BC08 /* View */ = {
			isa = PBXGroup;
			children = (
				F9AC97441BB8046E0061BC08 /* KKDealsTopMenu.h */,
				F9AC97451BB8046E0061BC08 /* KKDealsTopMenu.m */,
				F9AC97471BB804820061BC08 /* KKDealsTopMenu.xib */,
				F989CDDF1BBA7786006589F7 /* KKDropDownMenu.h */,
				F989CDE01BBA7786006589F7 /* KKDropDownMenu.m */,
				F989CDE21BBA7798006589F7 /* KKDropDownMenu.xib */,
				F989CDE61BBABEEE006589F7 /* KKDropDownMainCell.h */,
				F989CDE71BBABEEE006589F7 /* KKDropDownMainCell.m */,
				F989CDE91BBABF02006589F7 /* KKDropDownSubCell.h */,
				F989CDEA1BBABF02006589F7 /* KKDropDownSubCell.m */,
			);
			path = View;
			sourceTree = "<group>";
		};
		F9B11AD01BA909BB00ECF92C = {
			isa = PBXGroup;
			children = (
				F9B11ADB1BA909BB00ECF92C /* 小团购 */,
				F9B11AF51BA909BB00ECF92C /* 小团购Tests */,
				F9B11ADA1BA909BB00ECF92C /* Products */,
			);
			sourceTree = "<group>";
		};
		F9B11ADA1BA909BB00ECF92C /* Products */ = {
			isa = PBXGroup;
			children = (
				F9B11AD91BA909BB00ECF92C /* 小团购.app */,
				F9B11AF21BA909BB00ECF92C /* 小团购Tests.xctest */,
			);
			name = Products;
			sourceTree = "<group>";
		};
		F9B11ADB1BA909BB00ECF92C /* 小团购 */ = {
			isa = PBXGroup;
			children = (
				F9B11B451BA90C1000ECF92C /* Classes */,
				F9B11AE61BA909BB00ECF92C /* Main.storyboard */,
				F9B11AE91BA909BB00ECF92C /* Images.xcassets */,
				F9B11AEB1BA909BB00ECF92C /* LaunchScreen.xib */,
				F9B11ADC1BA909BB00ECF92C /* Supporting Files */,
			);
			path = "小团购";
			sourceTree = "<group>";
		};
		F9B11ADC1BA909BB00ECF92C /* Supporting Files */ = {
			isa = PBXGroup;
			children = (
				F92FE9341BB1343500F28E60 /* JSON */,
				F9B11ADD1BA909BB00ECF92C /* Info.plist */,
				F9B11ADE1BA909BB00ECF92C /* main.m */,
			);
			name = "Supporting Files";
			sourceTree = "<group>";
		};
		F9B11AF51BA909BB00ECF92C /* 小团购Tests */ = {
			isa = PBXGroup;
			children = (
				F9B11AF81BA909BB00ECF92C /* ___Tests.m */,
				F9B11AF61BA909BB00ECF92C /* Supporting Files */,
				F92FE9401BB154BD00F28E60 /* KKMetaDataTest.m */,
			);
			path = "小团购Tests";
			sourceTree = "<group>";
		};
		F9B11AF61BA909BB00ECF92C /* Supporting Files */ = {
			isa = PBXGroup;
			children = (
				F9B11AF71BA909BB00ECF92C /* Info.plist */,
			);
			name = "Supporting Files";
			sourceTree = "<group>";
		};
		F9B11B451BA90C1000ECF92C /* Classes */ = {
			isa = PBXGroup;
			children = (
				F98FBAE11BABA590001D501B /* Deals */,
				F9B11B461BA90C1000ECF92C /* Main */,
				F9B11B471BA90C1000ECF92C /* Other */,
			);
			path = Classes;
			sourceTree = "<group>";
		};
		F9B11B461BA90C1000ECF92C /* Main */ = {
			isa = PBXGroup;
			children = (
				F98FBAE61BABA5A0001D501B /* Controller */,
				F9B11B571BA9482700ECF92C /* Model */,
				F9B11B521BA9184100ECF92C /* Tool */,
			);
			path = Main;
			sourceTree = "<group>";
		};
		F9B11B471BA90C1000ECF92C /* Other */ = {
			isa = PBXGroup;
			children = (
				F9B11AE01BA909BB00ECF92C /* AppDelegate.h */,
				F9B11AE11BA909BB00ECF92C /* AppDelegate.m */,
				F9B11B481BA90C1000ECF92C /* Category */,
				F9B11B491BA90C1000ECF92C /* Lib */,
				F9B11B561BA941E100ECF92C /* KKSingleton.h */,
				F90976C41BBD11DE0018B92E /* KKDealsConst.h */,
			);
			path = Other;
			sourceTree = "<group>";
		};
		F9B11B481BA90C1000ECF92C /* Category */ = {
			isa = PBXGroup;
			children = (
				F90976C51BBEB9110018B92E /* Foundation+Log.m */,
				F95EDFFB1BABB0FE00A2BF5B /* UIView+AutoLayout.h */,
				F95EDFFC1BABB0FE00A2BF5B /* UIView+AutoLayout.m */,
				F95EDFFD1BABB0FE00A2BF5B /* UIView+Extension.h */,
				F95EDFFE1BABB0FE00A2BF5B /* UIView+Extension.m */,
				F9AC973F1BB7D4AF0061BC08 /* UIBarButtonItem+Extension.h */,
				F9AC97401BB7D4AF0061BC08 /* UIBarButtonItem+Extension.m */,
				F93D7C721BB96E93001663E0 /* UIButton+Extension.h */,
				F93D7C731BB96E93001663E0 /* UIButton+Extension.m */,
			);
			path = Category;
			sourceTree = "<group>";
		};
		F9B11B491BA90C1000ECF92C /* Lib */ = {
			isa = PBXGroup;
			children = (
				F95EDFF41BABADDF00A2BF5B /* AwesomeMenu */,
				F9B11B581BA9594300ECF92C /* MJExtension */,
				F9B11B4A1BA90C1000ECF92C /* dianpingapi */,
			);
			path = Lib;
			sourceTree = "<group>";
		};
		F9B11B4A1BA90C1000ECF92C /* dianpingapi */ = {
			isa = PBXGroup;
			children = (
				F9B11B4B1BA90C1000ECF92C /* DPAPI.h */,
				F9B11B4C1BA90C1000ECF92C /* DPAPI.m */,
				F9B11B4D1BA90C1000ECF92C /* DPConstants.h */,
				F9B11B4E1BA90C1000ECF92C /* DPRequest.h */,
				F9B11B4F1BA90C1000ECF92C /* DPRequest.m */,
			);
			path = dianpingapi;
			sourceTree = "<group>";
		};
		F9B11B521BA9184100ECF92C /* Tool */ = {
			isa = PBXGroup;
			children = (
				F9B11B531BA9185B00ECF92C /* KKAPITool.h */,
				F9B11B541BA9185B00ECF92C /* KKAPITool.m */,
				F9B11B8D1BA95AEB00ECF92C /* KKDealTool.h */,
				F9B11B8E1BA95AEB00ECF92C /* KKDealTool.m */,
				F92FE93D1BB14EA700F28E60 /* KKMetaDataTool.h */,
				F92FE93E1BB14EA700F28E60 /* KKMetaDataTool.m */,
			);
			path = Tool;
			sourceTree = "<group>";
		};
		F9B11B571BA9482700ECF92C /* Model */ = {
			isa = PBXGroup;
			children = (
				F92FE9091BB1336C00F28E60 /* Deal */,
				F92FE90E1BB1336C00F28E60 /* FindDeal */,
				F92FE9171BB1336C00F28E60 /* GetSingleDeal */,
				F92FE9181BB1336C00F28E60 /* MetaData */,
			);
			path = Model;
			sourceTree = "<group>";
		};
		F9B11B581BA9594300ECF92C /* MJExtension */ = {
			isa = PBXGroup;
			children = (
				F9B11B591BA9594300ECF92C /* MJDictionaryCache.h */,
				F9B11B5A1BA9594300ECF92C /* MJDictionaryCache.m */,
				F9B11B5B1BA9594300ECF92C /* MJExtension.h */,
				F9B11B5C1BA9594300ECF92C /* MJExtensionConst.h */,
				F9B11B5D1BA9594300ECF92C /* MJExtensionConst.m */,
				F9B11B5E1BA9594300ECF92C /* MJFoundation.h */,
				F9B11B5F1BA9594300ECF92C /* MJFoundation.m */,
				F9B11B601BA9594300ECF92C /* MJProperty.h */,
				F9B11B611BA9594300ECF92C /* MJProperty.m */,
				F9B11B621BA9594300ECF92C /* MJPropertyKey.h */,
				F9B11B631BA9594300ECF92C /* MJPropertyKey.m */,
				F9B11B641BA9594300ECF92C /* MJPropertyType.h */,
				F9B11B651BA9594300ECF92C /* MJPropertyType.m */,
				F9B11B661BA9594300ECF92C /* NSObject+MJClass.h */,
				F9B11B671BA9594300ECF92C /* NSObject+MJClass.m */,
				F9B11B681BA9594300ECF92C /* NSObject+MJCoding.h */,
				F9B11B691BA9594300ECF92C /* NSObject+MJCoding.m */,
				F9B11B6A1BA9594300ECF92C /* NSObject+MJKeyValue.h */,
				F9B11B6B1BA9594300ECF92C /* NSObject+MJKeyValue.m */,
				F9B11B6C1BA9594300ECF92C /* NSObject+MJProperty.h */,
				F9B11B6D1BA9594300ECF92C /* NSObject+MJProperty.m */,
				F9B11B6E1BA9594300ECF92C /* NSString+MJExtension.h */,
				F9B11B6F1BA9594300ECF92C /* NSString+MJExtension.m */,
			);
			path = MJExtension;
			sourceTree = "<group>";
		};
/* End PBXGroup section */

/* Begin PBXNativeTarget section */
		F9B11AD81BA909BB00ECF92C /* 小团购 */ = {
			isa = PBXNativeTarget;
			buildConfigurationList = F9B11AFC1BA909BB00ECF92C /* Build configuration list for PBXNativeTarget "小团购" */;
			buildPhases = (
				F9B11AD51BA909BB00ECF92C /* Sources */,
				F9B11AD61BA909BB00ECF92C /* Frameworks */,
				F9B11AD71BA909BB00ECF92C /* Resources */,
			);
			buildRules = (
			);
			dependencies = (
			);
			name = "小团购";
			productName = "小团购";
			productReference = F9B11AD91BA909BB00ECF92C /* 小团购.app */;
			productType = "com.apple.product-type.application";
		};
		F9B11AF11BA909BB00ECF92C /* 小团购Tests */ = {
			isa = PBXNativeTarget;
			buildConfigurationList = F9B11AFF1BA909BB00ECF92C /* Build configuration list for PBXNativeTarget "小团购Tests" */;
			buildPhases = (
				F9B11AEE1BA909BB00ECF92C /* Sources */,
				F9B11AEF1BA909BB00ECF92C /* Frameworks */,
				F9B11AF01BA909BB00ECF92C /* Resources */,
			);
			buildRules = (
			);
			dependencies = (
				F9B11AF41BA909BB00ECF92C /* PBXTargetDependency */,
			);
			name = "小团购Tests";
			productName = "小团购Tests";
			productReference = F9B11AF21BA909BB00ECF92C /* 小团购Tests.xctest */;
			productType = "com.apple.product-type.bundle.unit-test";
		};
/* End PBXNativeTarget section */

/* Begin PBXProject section */
		F9B11AD11BA909BB00ECF92C /* Project object */ = {
			isa = PBXProject;
			attributes = {
				LastUpgradeCheck = 0640;
				ORGANIZATIONNAME = Imanol;
				TargetAttributes = {
					F9B11AD81BA909BB00ECF92C = {
						CreatedOnToolsVersion = 6.4;
					};
					F9B11AF11BA909BB00ECF92C = {
						CreatedOnToolsVersion = 6.4;
						TestTargetID = F9B11AD81BA909BB00ECF92C;
					};
				};
			};
			buildConfigurationList = F9B11AD41BA909BB00ECF92C /* Build configuration list for PBXProject "小团购" */;
			compatibilityVersion = "Xcode 3.2";
			developmentRegion = English;
			hasScannedForEncodings = 0;
			knownRegions = (
				en,
				Base,
			);
			mainGroup = F9B11AD01BA909BB00ECF92C;
			productRefGroup = F9B11ADA1BA909BB00ECF92C /* Products */;
			projectDirPath = "";
			projectRoot = "";
			targets = (
				F9B11AD81BA909BB00ECF92C /* 小团购 */,
				F9B11AF11BA909BB00ECF92C /* 小团购Tests */,
			);
		};
/* End PBXProject section */

/* Begin PBXResourcesBuildPhase section */
		F9B11AD71BA909BB00ECF92C /* Resources */ = {
			isa = PBXResourcesBuildPhase;
			buildActionMask = 2147483647;
			files = (
				F92FE9391BB1343500F28E60 /* categories.plist in Resources */,
				F9B11AE81BA909BB00ECF92C /* Main.storyboard in Resources */,
				F9AC97481BB804820061BC08 /* KKDealsTopMenu.xib in Resources */,
				F989CDE31BBA7798006589F7 /* KKDropDownMenu.xib in Resources */,
				F93D7C711BB9603D001663E0 /* KKSortVC.xib in Resources */,
				F92FE93C1BB1343500F28E60 /* sorts.plist in Resources */,
				F9B11AED1BA909BB00ECF92C /* LaunchScreen.xib in Resources */,
				F92FE93A1BB1343500F28E60 /* cities.plist in Resources */,
				F9B11AEA1BA909BB00ECF92C /* Images.xcassets in Resources */,
				F989CDE51BBA817D006589F7 /* KKRegionVC.xib in Resources */,
				F98721A31BBBB732005BFE34 /* KKCitiesController.xib in Resources */,
				F92FE93B1BB1343500F28E60 /* cityGroups.plist in Resources */,
			);
			runOnlyForDeploymentPostprocessing = 0;
		};
		F9B11AF01BA909BB00ECF92C /* Resources */ = {
			isa = PBXResourcesBuildPhase;
			buildActionMask = 2147483647;
			files = (
			);
			runOnlyForDeploymentPostprocessing = 0;
		};
/* End PBXResourcesBuildPhase section */

/* Begin PBXSourcesBuildPhase section */
		F9B11AD51BA909BB00ECF92C /* Sources */ = {
			isa = PBXSourcesBuildPhase;
			buildActionMask = 2147483647;
			files = (
				F989CDE81BBABEEE006589F7 /* KKDropDownMainCell.m in Sources */,
				F92FE9331BB1341E00F28E60 /* KKCityGroup.m in Sources */,
				F92FE9191BB1336C00F28E60 /* KKBusiness.m in Sources */,
				F95EDFF91BABADDF00A2BF5B /* AwesomeMenu.m in Sources */,
				F989CDE11BBA7786006589F7 /* KKDropDownMenu.m in Sources */,
				F90976C31BBCDF140018B92E /* KKCitiesResultController.m in Sources */,
				F92FE9241BB133B800F28E60 /* KKGetSingleDealParam.m in Sources */,
				F9B11B771BA9594300ECF92C /* NSObject+MJCoding.m in Sources */,
				F93D7C6C1BB95CB2001663E0 /* KKSortVC.m in Sources */,
				F9B11B711BA9594300ECF92C /* MJExtensionConst.m in Sources */,
				F95EDFFF1BABB0FE00A2BF5B /* UIView+AutoLayout.m in Sources */,
				F9AC97461BB8046E0061BC08 /* KKDealsTopMenu.m in Sources */,
				F9B11B761BA9594300ECF92C /* NSObject+MJClass.m in Sources */,
				F93D7C6F1BB95CBF001663E0 /* KKRegionVC.m in Sources */,
				F9B11B8F1BA95AEB00ECF92C /* KKDealTool.m in Sources */,
				F9B11B741BA9594300ECF92C /* MJPropertyKey.m in Sources */,
				F92FE91B1BB1336C00F28E60 /* KKFindDealParam.m in Sources */,
				F95EE0001BABB0FE00A2BF5B /* UIView+Extension.m in Sources */,
				F92FE9301BB1340E00F28E60 /* KKRegion.m in Sources */,
				F9B11B551BA9185B00ECF92C /* KKAPITool.m in Sources */,
				F92FE9231BB133B800F28E60 /* KKGetSingleDealResult.m in Sources */,
				F90976C61BBEB9110018B92E /* Foundation+Log.m in Sources */,
				F92FE92A1BB133F600F28E60 /* KKSort.m in Sources */,
				F98FBAE91BABA5ED001D501B /* KKNavigationController.m in Sources */,
				F92FE93F1BB14EA700F28E60 /* KKMetaDataTool.m in Sources */,
				F9B11B511BA90C1000ECF92C /* DPRequest.m in Sources */,
				F9B11B731BA9594300ECF92C /* MJProperty.m in Sources */,
				F9B11B721BA9594300ECF92C /* MJFoundation.m in Sources */,
				F92FE92D1BB1340100F28E60 /* KKCity.m in Sources */,
				F989CDEB1BBABF02006589F7 /* KKDropDownSubCell.m in Sources */,
				F92FE9271BB133EB00F28E60 /* KKCategory.m in Sources */,
				F9B11B701BA9594300ECF92C /* MJDictionaryCache.m in Sources */,
				F9AC97411BB7D4AF0061BC08 /* UIBarButtonItem+Extension.m in Sources */,
				F92FE91C1BB1336C00F28E60 /* KKFindDealResult.m in Sources */,
				F98721A21BBBB732005BFE34 /* KKCitiesController.m in Sources */,
				F9B11B501BA90C1000ECF92C /* DPAPI.m in Sources */,
				F93D7C691BB95CA4001663E0 /* KKCategoriesVC.m in Sources */,
				F9B11B751BA9594300ECF92C /* MJPropertyType.m in Sources */,
				F9B11AE21BA909BB00ECF92C /* AppDelegate.m in Sources */,
				F93D7C741BB96E93001663E0 /* UIButton+Extension.m in Sources */,
				F9B11B781BA9594300ECF92C /* NSObject+MJKeyValue.m in Sources */,
				F9B11B7A1BA9594300ECF92C /* NSString+MJExtension.m in Sources */,
				F92FE91A1BB1336C00F28E60 /* KKDeal.m in Sources */,
				F98FBAE51BABA590001D501B /* KKDealsViewController.m in Sources */,
				F95EDFFA1BABADDF00A2BF5B /* AwesomeMenuItem.m in Sources */,
				F9B11ADF1BA909BB00ECF92C /* main.m in Sources */,
				F9B11B791BA9594300ECF92C /* NSObject+MJProperty.m in Sources */,
			);
			runOnlyForDeploymentPostprocessing = 0;
		};
		F9B11AEE1BA909BB00ECF92C /* Sources */ = {
			isa = PBXSourcesBuildPhase;
			buildActionMask = 2147483647;
			files = (
				F92FE9411BB154BD00F28E60 /* KKMetaDataTest.m in Sources */,
				F9B11AF91BA909BB00ECF92C /* ___Tests.m in Sources */,
			);
			runOnlyForDeploymentPostprocessing = 0;
		};
/* End PBXSourcesBuildPhase section */

/* Begin PBXTargetDependency section */
		F9B11AF41BA909BB00ECF92C /* PBXTargetDependency */ = {
			isa = PBXTargetDependency;
			target = F9B11AD81BA909BB00ECF92C /* 小团购 */;
			targetProxy = F9B11AF31BA909BB00ECF92C /* PBXContainerItemProxy */;
		};
/* End PBXTargetDependency section */

/* Begin PBXVariantGroup section */
		F9B11AE61BA909BB00ECF92C /* Main.storyboard */ = {
			isa = PBXVariantGroup;
			children = (
				F9B11AE71BA909BB00ECF92C /* Base */,
				F98721A41BBBBCD9005BFE34 /* zh-Hans */,
			);
			name = Main.storyboard;
			sourceTree = "<group>";
		};
		F9B11AEB1BA909BB00ECF92C /* LaunchScreen.xib */ = {
			isa = PBXVariantGroup;
			children = (
				F9B11AEC1BA909BB00ECF92C /* Base */,
				F98721A51BBBBCD9005BFE34 /* zh-Hans */,
			);
			name = LaunchScreen.xib;
			sourceTree = "<group>";
		};
/* End PBXVariantGroup section */

/* Begin XCBuildConfiguration section */
		F9B11AFA1BA909BB00ECF92C /* Debug */ = {
			isa = XCBuildConfiguration;
			buildSettings = {
				ALWAYS_SEARCH_USER_PATHS = NO;
				CLANG_CXX_LANGUAGE_STANDARD = "gnu++0x";
				CLANG_CXX_LIBRARY = "libc++";
				CLANG_ENABLE_MODULES = YES;
				CLANG_ENABLE_OBJC_ARC = YES;
				CLANG_WARN_BOOL_CONVERSION = YES;
				CLANG_WARN_CONSTANT_CONVERSION = YES;
				CLANG_WARN_DIRECT_OBJC_ISA_USAGE = YES_ERROR;
				CLANG_WARN_EMPTY_BODY = YES;
				CLANG_WARN_ENUM_CONVERSION = YES;
				CLANG_WARN_INT_CONVERSION = YES;
				CLANG_WARN_OBJC_ROOT_CLASS = YES_ERROR;
				CLANG_WARN_UNREACHABLE_CODE = YES;
				CLANG_WARN__DUPLICATE_METHOD_MATCH = YES;
				"CODE_SIGN_IDENTITY[sdk=iphoneos*]" = "iPhone Developer";
				COPY_PHASE_STRIP = NO;
				DEBUG_INFORMATION_FORMAT = "dwarf-with-dsym";
				ENABLE_STRICT_OBJC_MSGSEND = YES;
				GCC_C_LANGUAGE_STANDARD = gnu99;
				GCC_DYNAMIC_NO_PIC = NO;
				GCC_NO_COMMON_BLOCKS = YES;
				GCC_OPTIMIZATION_LEVEL = 0;
				GCC_PREPROCESSOR_DEFINITIONS = (
					"DEBUG=1",
					"$(inherited)",
				);
				GCC_SYMBOLS_PRIVATE_EXTERN = NO;
				GCC_WARN_64_TO_32_BIT_CONVERSION = YES;
				GCC_WARN_ABOUT_RETURN_TYPE = YES_ERROR;
				GCC_WARN_UNDECLARED_SELECTOR = YES;
				GCC_WARN_UNINITIALIZED_AUTOS = YES_AGGRESSIVE;
				GCC_WARN_UNUSED_FUNCTION = YES;
				GCC_WARN_UNUSED_VARIABLE = YES;
				IPHONEOS_DEPLOYMENT_TARGET = 8.4;
				MTL_ENABLE_DEBUG_INFO = YES;
				ONLY_ACTIVE_ARCH = YES;
				SDKROOT = iphoneos;
				TARGETED_DEVICE_FAMILY = 2;
			};
			name = Debug;
		};
		F9B11AFB1BA909BB00ECF92C /* Release */ = {
			isa = XCBuildConfiguration;
			buildSettings = {
				ALWAYS_SEARCH_USER_PATHS = NO;
				CLANG_CXX_LANGUAGE_STANDARD = "gnu++0x";
				CLANG_CXX_LIBRARY = "libc++";
				CLANG_ENABLE_MODULES = YES;
				CLANG_ENABLE_OBJC_ARC = YES;
				CLANG_WARN_BOOL_CONVERSION = YES;
				CLANG_WARN_CONSTANT_CONVERSION = YES;
				CLANG_WARN_DIRECT_OBJC_ISA_USAGE = YES_ERROR;
				CLANG_WARN_EMPTY_BODY = YES;
				CLANG_WARN_ENUM_CONVERSION = YES;
				CLANG_WARN_INT_CONVERSION = YES;
				CLANG_WARN_OBJC_ROOT_CLASS = YES_ERROR;
				CLANG_WARN_UNREACHABLE_CODE = YES;
				CLANG_WARN__DUPLICATE_METHOD_MATCH = YES;
				"CODE_SIGN_IDENTITY[sdk=iphoneos*]" = "iPhone Developer";
				COPY_PHASE_STRIP = NO;
				DEBUG_INFORMATION_FORMAT = "dwarf-with-dsym";
				ENABLE_NS_ASSERTIONS = NO;
				ENABLE_STRICT_OBJC_MSGSEND = YES;
				GCC_C_LANGUAGE_STANDARD = gnu99;
				GCC_NO_COMMON_BLOCKS = YES;
				GCC_WARN_64_TO_32_BIT_CONVERSION = YES;
				GCC_WARN_ABOUT_RETURN_TYPE = YES_ERROR;
				GCC_WARN_UNDECLARED_SELECTOR = YES;
				GCC_WARN_UNINITIALIZED_AUTOS = YES_AGGRESSIVE;
				GCC_WARN_UNUSED_FUNCTION = YES;
				GCC_WARN_UNUSED_VARIABLE = YES;
				IPHONEOS_DEPLOYMENT_TARGET = 8.4;
				MTL_ENABLE_DEBUG_INFO = NO;
				SDKROOT = iphoneos;
				TARGETED_DEVICE_FAMILY = 2;
				VALIDATE_PRODUCT = YES;
			};
			name = Release;
		};
		F9B11AFD1BA909BB00ECF92C /* Debug */ = {
			isa = XCBuildConfiguration;
			buildSettings = {
				ASSETCATALOG_COMPILER_APPICON_NAME = AppIcon;
				INFOPLIST_FILE = "小团购/Info.plist";
				IPHONEOS_DEPLOYMENT_TARGET = 7.1;
				LD_RUNPATH_SEARCH_PATHS = "$(inherited) @executable_path/Frameworks";
				PRODUCT_NAME = "$(TARGET_NAME)";
			};
			name = Debug;
		};
		F9B11AFE1BA909BB00ECF92C /* Release */ = {
			isa = XCBuildConfiguration;
			buildSettings = {
				ASSETCATALOG_COMPILER_APPICON_NAME = AppIcon;
				INFOPLIST_FILE = "小团购/Info.plist";
				IPHONEOS_DEPLOYMENT_TARGET = 7.1;
				LD_RUNPATH_SEARCH_PATHS = "$(inherited) @executable_path/Frameworks";
				PRODUCT_NAME = "$(TARGET_NAME)";
			};
			name = Release;
		};
		F9B11B001BA909BB00ECF92C /* Debug */ = {
			isa = XCBuildConfiguration;
			buildSettings = {
				BUNDLE_LOADER = "$(TEST_HOST)";
				FRAMEWORK_SEARCH_PATHS = (
					"$(SDKROOT)/Developer/Library/Frameworks",
					"$(inherited)",
				);
				GCC_PREPROCESSOR_DEFINITIONS = (
					"DEBUG=1",
					"$(inherited)",
				);
				INFOPLIST_FILE = "小团购Tests/Info.plist";
				LD_RUNPATH_SEARCH_PATHS = "$(inherited) @executable_path/Frameworks @loader_path/Frameworks";
				PRODUCT_NAME = "$(TARGET_NAME)";
				TEST_HOST = "$(BUILT_PRODUCTS_DIR)/小团购.app/小团购";
			};
			name = Debug;
		};
		F9B11B011BA909BB00ECF92C /* Release */ = {
			isa = XCBuildConfiguration;
			buildSettings = {
				BUNDLE_LOADER = "$(TEST_HOST)";
				FRAMEWORK_SEARCH_PATHS = (
					"$(SDKROOT)/Developer/Library/Frameworks",
					"$(inherited)",
				);
				INFOPLIST_FILE = "小团购Tests/Info.plist";
				LD_RUNPATH_SEARCH_PATHS = "$(inherited) @executable_path/Frameworks @loader_path/Frameworks";
				PRODUCT_NAME = "$(TARGET_NAME)";
				TEST_HOST = "$(BUILT_PRODUCTS_DIR)/小团购.app/小团购";
			};
			name = Release;
		};
/* End XCBuildConfiguration section */

/* Begin XCConfigurationList section */
		F9B11AD41BA909BB00ECF92C /* Build configuration list for PBXProject "小团购" */ = {
			isa = XCConfigurationList;
			buildConfigurations = (
				F9B11AFA1BA909BB00ECF92C /* Debug */,
				F9B11AFB1BA909BB00ECF92C /* Release */,
			);
			defaultConfigurationIsVisible = 0;
			defaultConfigurationName = Release;
		};
		F9B11AFC1BA909BB00ECF92C /* Build configuration list for PBXNativeTarget "小团购" */ = {
			isa = XCConfigurationList;
			buildConfigurations = (
				F9B11AFD1BA909BB00ECF92C /* Debug */,
				F9B11AFE1BA909BB00ECF92C /* Release */,
			);
			defaultConfigurationIsVisible = 0;
			defaultConfigurationName = Release;
		};
		F9B11AFF1BA909BB00ECF92C /* Build configuration list for PBXNativeTarget "小团购Tests" */ = {
			isa = XCConfigurationList;
			buildConfigurations = (
				F9B11B001BA909BB00ECF92C /* Debug */,
				F9B11B011BA909BB00ECF92C /* Release */,
			);
			defaultConfigurationIsVisible = 0;
			defaultConfigurationName = Release;
		};
/* End XCConfigurationList section */
	};
	rootObject = F9B11AD11BA909BB00ECF92C /* Project object */;
}
